
Microsoft Visual Studio Solution File, Format Version 12.00
# Visual Studio Version 17
VisualStudioVersion = 17.9.34622.214
MinimumVisualStudioVersion = 10.0.40219.1
Project("{FAE04EC0-301F-11D3-BF4B-00C04F79EFBC}") = "Cang_Cot_Bot_1.2", "Cang_Cot_Bot_1.2\Cang_Cot_Bot_1.2.csproj", "{1DF59EB5-7077-4621-A863-15D2A33A4E68}"
EndProject
Global
	GlobalSection(SolutionConfigurationPlatforms) = preSolution
		Debug|Any CPU = Debug|Any CPU
		Release|Any CPU = Release|Any CPU
	EndGlobalSection
	GlobalSection(ProjectConfigurationPlatforms) = postSolution
		{1DF59EB5-7077-4621-A863-15D2A33A4E68}.Debug|Any CPU.ActiveCfg = Debug|Any CPU
		{1DF59EB5-7077-4621-A863-15D2A33A4E68}.Debug|Any CPU.Build.0 = Debug|Any CPU
		{1DF59EB5-7077-4621-A863-15D2A33A4E68}.Release|Any CPU.ActiveCfg = Release|Any CPU
		{1DF59EB5-7077-4621-A863-15D2A33A4E68}.Release|Any CPU.Build.0 = Release|Any CPU
	EndGlobalSection
	GlobalSection(SolutionProperties) = preSolution
		HideSolutionNode = FALSE
	EndGlobalSection
	GlobalSection(ExtensibilityGlobals) = postSolution
		SolutionGuid = {3ED7A8AF-289D-476F-A1C1-0190848FB423}
	EndGlobalSection
EndGlobal
